// !$*UTF8*$!
{
	archiveVersion = 1;
	classes = {
	};
	objectVersion = 46;
	objects = {

/* Begin PBXBuildFile section */
		7A50AAE31A72DB020089C9B1 /* AppDelegate.swift in Sources */ = {isa = PBXBuildFile; fileRef = 7A50AAE21A72DB020089C9B1 /* AppDelegate.swift */; };
		7A50AAE51A72DB020089C9B1 /* WelcomeViewController.swift in Sources */ = {isa = PBXBuildFile; fileRef = 7A50AAE41A72DB020089C9B1 /* WelcomeViewController.swift */; };
		7A50AAEA1A72DB020089C9B1 /* Images.xcassets in Resources */ = {isa = PBXBuildFile; fileRef = 7A50AAE91A72DB020089C9B1 /* Images.xcassets */; };
		7A50AAF91A72DB020089C9B1 /* CaloquizzTests.swift in Sources */ = {isa = PBXBuildFile; fileRef = 7A50AAF81A72DB020089C9B1 /* CaloquizzTests.swift */; };
		7A93C9C81A784F2700F8A128 /* SecondViewController.swift in Sources */ = {isa = PBXBuildFile; fileRef = 7A93C9C71A784F2700F8A128 /* SecondViewController.swift */; };
		7AE0EBEC1A73046C00D1AA86 /* FirstView.swift in Sources */ = {isa = PBXBuildFile; fileRef = 7AE0EBEB1A73046C00D1AA86 /* FirstView.swift */; };
		7AE0EBF01A75F4D100D1AA86 /* ColorBook.swift in Sources */ = {isa = PBXBuildFile; fileRef = 7AE0EBEF1A75F4D000D1AA86 /* ColorBook.swift */; };
/* End PBXBuildFile section */

/* Begin PBXContainerItemProxy section */
		7A50AAF31A72DB020089C9B1 /* PBXContainerItemProxy */ = {
			isa = PBXContainerItemProxy;
			containerPortal = 7A50AAD51A72DB020089C9B1 /* Project object */;
			proxyType = 1;
			remoteGlobalIDString = 7A50AADC1A72DB020089C9B1;
			remoteInfo = Caloquizz;
		};
/* End PBXContainerItemProxy section */

/* Begin PBXFileReference section */
		7A50AADD1A72DB020089C9B1 /* Caloquizz.app */ = {isa = PBXFileReference; explicitFileType = wrapper.application; includeInIndex = 0; path = Caloquizz.app; sourceTree = BUILT_PRODUCTS_DIR; };
		7A50AAE11A72DB020089C9B1 /* Info.plist */ = {isa = PBXFileReference; lastKnownFileType = text.plist.xml; path = Info.plist; sourceTree = "<group>"; };
		7A50AAE21A72DB020089C9B1 /* AppDelegate.swift */ = {isa = PBXFileReference; lastKnownFileType = sourcecode.swift; path = AppDelegate.swift; sourceTree = "<group>"; };
		7A50AAE41A72DB020089C9B1 /* WelcomeViewController.swift */ = {isa = PBXFileReference; lastKnownFileType = sourcecode.swift; path = WelcomeViewController.swift; sourceTree = "<group>"; };
		7A50AAE91A72DB020089C9B1 /* Images.xcassets */ = {isa = PBXFileReference; lastKnownFileType = folder.assetcatalog; path = Images.xcassets; sourceTree = "<group>"; };
		7A50AAF21A72DB020089C9B1 /* CaloquizzTests.xctest */ = {isa = PBXFileReference; explicitFileType = wrapper.cfbundle; includeInIndex = 0; path = CaloquizzTests.xctest; sourceTree = BUILT_PRODUCTS_DIR; };
		7A50AAF71A72DB020089C9B1 /* Info.plist */ = {isa = PBXFileReference; lastKnownFileType = text.plist.xml; path = Info.plist; sourceTree = "<group>"; };
		7A50AAF81A72DB020089C9B1 /* CaloquizzTests.swift */ = {isa = PBXFileReference; lastKnownFileType = sourcecode.swift; path = CaloquizzTests.swift; sourceTree = "<group>"; };
		7A93C9C71A784F2700F8A128 /* SecondViewController.swift */ = {isa = PBXFileReference; fileEncoding = 4; lastKnownFileType = sourcecode.swift; name = SecondViewController.swift; path = ../SecondViewController.swift; sourceTree = "<group>"; };
		7AE0EBEB1A73046C00D1AA86 /* FirstView.swift */ = {isa = PBXFileReference; fileEncoding = 4; lastKnownFileType = sourcecode.swift; name = FirstView.swift; path = ../FirstView.swift; sourceTree = "<group>"; };
		7AE0EBEF1A75F4D000D1AA86 /* ColorBook.swift */ = {isa = PBXFileReference; fileEncoding = 4; lastKnownFileType = sourcecode.swift; name = ColorBook.swift; path = ../ColorBook.swift; sourceTree = "<group>"; };
/* End PBXFileReference section */

/* Begin PBXFrameworksBuildPhase section */
		7A50AADA1A72DB020089C9B1 /* Frameworks */ = {
			isa = PBXFrameworksBuildPhase;
			buildActionMask = 2147483647;
			files = (
			);
			runOnlyForDeploymentPostprocessing = 0;
		};
		7A50AAEF1A72DB020089C9B1 /* Frameworks */ = {
			isa = PBXFrameworksBuildPhase;
			buildActionMask = 2147483647;
			files = (
			);
			runOnlyForDeploymentPostprocessing = 0;
		};
/* End PBXFrameworksBuildPhase section */

/* Begin PBXGroup section */
		7A50AAD41A72DB020089C9B1 = {
			isa = PBXGroup;
			children = (
				7A50AADF1A72DB020089C9B1 /* Caloquizz */,
				7A50AAF51A72DB020089C9B1 /* CaloquizzTests */,
				7A50AADE1A72DB020089C9B1 /* Products */,
			);
			sourceTree = "<group>";
		};
		7A50AADE1A72DB020089C9B1 /* Products */ = {
			isa = PBXGroup;
			children = (
				7A50AADD1A72DB020089C9B1 /* Caloquizz.app */,
				7A50AAF21A72DB020089C9B1 /* CaloquizzTests.xctest */,
			);
			name = Products;
			sourceTree = "<group>";
		};
		7A50AADF1A72DB020089C9B1 /* Caloquizz */ = {
			isa = PBXGroup;
			children = (
				7A50AAE21A72DB020089C9B1 /* AppDelegate.swift */,
				7AE0EBEB1A73046C00D1AA86 /* FirstView.swift */,
				7AE0EBEF1A75F4D000D1AA86 /* ColorBook.swift */,
				7A50AAE41A72DB020089C9B1 /* WelcomeViewController.swift */,
				7A93C9C71A784F2700F8A128 /* SecondViewController.swift */,
				7A50AAE91A72DB020089C9B1 /* Images.xcassets */,
				7A50AAE01A72DB020089C9B1 /* Supporting Files */,
			);
			path = Caloquizz;
			sourceTree = "<group>";
		};
		7A50AAE01A72DB020089C9B1 /* Supporting Files */ = {
			isa = PBXGroup;
			children = (
				7A50AAE11A72DB020089C9B1 /* Info.plist */,
			);
			name = "Supporting Files";
			sourceTree = "<group>";
		};
		7A50AAF51A72DB020089C9B1 /* CaloquizzTests */ = {
			isa = PBXGroup;
			children = (
				7A50AAF81A72DB020089C9B1 /* CaloquizzTests.swift */,
				7A50AAF61A72DB020089C9B1 /* Supporting Files */,
			);
			path = CaloquizzTests;
			sourceTree = "<group>";
		};
		7A50AAF61A72DB020089C9B1 /* Supporting Files */ = {
			isa = PBXGroup;
			children = (
				7A50AAF71A72DB020089C9B1 /* Info.plist */,
			);
			name = "Supporting Files";
			sourceTree = "<group>";
		};
/* End PBXGroup section */

/* Begin PBXNativeTarget section */
		7A50AADC1A72DB020089C9B1 /* Caloquizz */ = {
			isa = PBXNativeTarget;
			buildConfigurationList = 7A50AAFC1A72DB020089C9B1 /* Build configuration list for PBXNativeTarget "Caloquizz" */;
			buildPhases = (
				7A50AAD91A72DB020089C9B1 /* Sources */,
				7A50AADA1A72DB020089C9B1 /* Frameworks */,
				7A50AADB1A72DB020089C9B1 /* Resources */,
			);
			buildRules = (
			);
			dependencies = (
			);
			name = Caloquizz;
			productName = Caloquizz;
			productReference = 7A50AADD1A72DB020089C9B1 /* Caloquizz.app */;
			productType = "com.apple.product-type.application";
		};
		7A50AAF11A72DB020089C9B1 /* CaloquizzTests */ = {
			isa = PBXNativeTarget;
			buildConfigurationList = 7A50AAFF1A72DB020089C9B1 /* Build configuration list for PBXNativeTarget "CaloquizzTests" */;
			buildPhases = (
				7A50AAEE1A72DB020089C9B1 /* Sources */,
				7A50AAEF1A72DB020089C9B1 /* Frameworks */,
				7A50AAF01A72DB020089C9B1 /* Resources */,
			);
			buildRules = (
			);
			dependencies = (
				7A50AAF41A72DB020089C9B1 /* PBXTargetDependency */,
			);
			name = CaloquizzTests;
			productName = CaloquizzTests;
			productReference = 7A50AAF21A72DB020089C9B1 /* CaloquizzTests.xctest */;
			productType = "com.apple.product-type.bundle.unit-test";
		};
/* End PBXNativeTarget section */

/* Begin PBXProject section */
		7A50AAD51A72DB020089C9B1 /* Project object */ = {
			isa = PBXProject;
			attributes = {
				LastUpgradeCheck = 0610;
				ORGANIZATIONNAME = TakeItEasy;
				TargetAttributes = {
					7A50AADC1A72DB020089C9B1 = {
						CreatedOnToolsVersion = 6.1.1;
					};
					7A50AAF11A72DB020089C9B1 = {
						CreatedOnToolsVersion = 6.1.1;
						TestTargetID = 7A50AADC1A72DB020089C9B1;
					};
				};
			};
			buildConfigurationList = 7A50AAD81A72DB020089C9B1 /* Build configuration list for PBXProject "Caloquizz" */;
			compatibilityVersion = "Xcode 3.2";
			developmentRegion = English;
			hasScannedForEncodings = 0;
			knownRegions = (
				en,
				Base,
			);
			mainGroup = 7A50AAD41A72DB020089C9B1;
			productRefGroup = 7A50AADE1A72DB020089C9B1 /* Products */;
			projectDirPath = "";
			projectRoot = "";
			targets = (
				7A50AADC1A72DB020089C9B1 /* Caloquizz */,
				7A50AAF11A72DB020089C9B1 /* CaloquizzTests */,
			);
		};
/* End PBXProject section */

/* Begin PBXResourcesBuildPhase section */
		7A50AADB1A72DB020089C9B1 /* Resources */ = {
			isa = PBXResourcesBuildPhase;
			buildActionMask = 2147483647;
			files = (
				7A50AAEA1A72DB020089C9B1 /* Images.xcassets in Resources */,
			);
			runOnlyForDeploymentPostprocessing = 0;
		};
		7A50AAF01A72DB020089C9B1 /* Resources */ = {
			isa = PBXResourcesBuildPhase;
			buildActionMask = 2147483647;
			files = (
			);
			runOnlyForDeploymentPostprocessing = 0;
		};
/* End PBXResourcesBuildPhase section */

/* Begin PBXSourcesBuildPhase section */
		7A50AAD91A72DB020089C9B1 /* Sources */ = {
			isa = PBXSourcesBuildPhase;
			buildActionMask = 2147483647;
			files = (
				7AE0EBF01A75F4D100D1AA86 /* ColorBook.swift in Sources */,
				7AE0EBEC1A73046C00D1AA86 /* FirstView.swift in Sources */,
				7A50AAE51A72DB020089C9B1 /* WelcomeViewController.swift in Sources */,
				7A93C9C81A784F2700F8A128 /* SecondViewController.swift in Sources */,
				7A50AAE31A72DB020089C9B1 /* AppDelegate.swift in Sources */,
			);
			runOnlyForDeploymentPostprocessing = 0;
		};
		7A50AAEE1A72DB020089C9B1 /* Sources */ = {
			isa = PBXSourcesBuildPhase;
			buildActionMask = 2147483647;
			files = (
				7A50AAF91A72DB020089C9B1 /* CaloquizzTests.swift in Sources */,
			);
			runOnlyForDeploymentPostprocessing = 0;
		};
/* End PBXSourcesBuildPhase section */

/* Begin PBXTargetDependency section */
		7A50AAF41A72DB020089C9B1 /* PBXTargetDependency */ = {
			isa = PBXTargetDependency;
			target = 7A50AADC1A72DB020089C9B1 /* Caloquizz */;
			targetProxy = 7A50AAF31A72DB020089C9B1 /* PBXContainerItemProxy */;
		};
/* End PBXTargetDependency section */

/* Begin XCBuildConfiguration section */
		7A50AAFA1A72DB020089C9B1 /* Debug */ = {
			isa = XCBuildConfiguration;
			buildSettings = {
				ALWAYS_SEARCH_USER_PATHS = NO;
				CLANG_CXX_LANGUAGE_STANDARD = "gnu++0x";
				CLANG_CXX_LIBRARY = "libc++";
				CLANG_ENABLE_MODULES = YES;
				CLANG_ENABLE_OBJC_ARC = YES;
				CLANG_WARN_BOOL_CONVERSION = YES;
				CLANG_WARN_CONSTANT_CONVERSION = YES;
				CLANG_WARN_DIRECT_OBJC_ISA_USAGE = YES_ERROR;
				CLANG_WARN_EMPTY_BODY = YES;
				CLANG_WARN_ENUM_CONVERSION = YES;
				CLANG_WARN_INT_CONVERSION = YES;
				CLANG_WARN_OBJC_ROOT_CLASS = YES_ERROR;
				CLANG_WARN_UNREACHABLE_CODE = YES;
				CLANG_WARN__DUPLICATE_METHOD_MATCH = YES;
				"CODE_SIGN_IDENTITY[sdk=iphoneos*]" = "iPhone Developer";
				COPY_PHASE_STRIP = NO;
				ENABLE_STRICT_OBJC_MSGSEND = YES;
				GCC_C_LANGUAGE_STANDARD = gnu99;
				GCC_DYNAMIC_NO_PIC = NO;
				GCC_OPTIMIZATION_LEVEL = 0;
				GCC_PREPROCESSOR_DEFINITIONS = (
					"DEBUG=1",
					"$(inherited)",
				);
				GCC_SYMBOLS_PRIVATE_EXTERN = NO;
				GCC_WARN_64_TO_32_BIT_CONVERSION = YES;
				GCC_WARN_ABOUT_RETURN_TYPE = YES_ERROR;
				GCC_WARN_UNDECLARED_SELECTOR = YES;
				GCC_WARN_UNINITIALIZED_AUTOS = YES_AGGRESSIVE;
				GCC_WARN_UNUSED_FUNCTION = YES;
				GCC_WARN_UNUSED_VARIABLE = YES;
				IPHONEOS_DEPLOYMENT_TARGET = 8.1;
				MTL_ENABLE_DEBUG_INFO = YES;
				ONLY_ACTIVE_ARCH = YES;
				SDKROOT = iphoneos;
				SWIFT_OPTIMIZATION_LEVEL = "-Onone";
			};
			name = Debug;
		};
		7A50AAFB1A72DB020089C9B1 /* Release */ = {
			isa = XCBuildConfiguration;
			buildSettings = {
				ALWAYS_SEARCH_USER_PATHS = NO;
				CLANG_CXX_LANGUAGE_STANDARD = "gnu++0x";
				CLANG_CXX_LIBRARY = "libc++";
				CLANG_ENABLE_MODULES = YES;
				CLANG_ENABLE_OBJC_ARC = YES;
				CLANG_WARN_BOOL_CONVERSION = YES;
				CLANG_WARN_CONSTANT_CONVERSION = YES;
				CLANG_WARN_DIRECT_OBJC_ISA_USAGE = YES_ERROR;
				CLANG_WARN_EMPTY_BODY = YES;
				CLANG_WARN_ENUM_CONVERSION = YES;
				CLANG_WARN_INT_CONVERSION = YES;
				CLANG_WARN_OBJC_ROOT_CLASS = YES_ERROR;
				CLANG_WARN_UNREACHABLE_CODE = YES;
				CLANG_WARN__DUPLICATE_METHOD_MATCH = YES;
				"CODE_SIGN_IDENTITY[sdk=iphoneos*]" = "iPhone Developer";
				COPY_PHASE_STRIP = YES;
				ENABLE_NS_ASSERTIONS = NO;
				ENABLE_STRICT_OBJC_MSGSEND = YES;
				GCC_C_LANGUAGE_STANDARD = gnu99;
				GCC_WARN_64_TO_32_BIT_CONVERSION = YES;
				GCC_WARN_ABOUT_RETURN_TYPE = YES_ERROR;
				GCC_WARN_UNDECLARED_SELECTOR = YES;
				GCC_WARN_UNINITIALIZED_AUTOS = YES_AGGRESSIVE;
				GCC_WARN_UNUSED_FUNCTION = YES;
				GCC_WARN_UNUSED_VARIABLE = YES;
				IPHONEOS_DEPLOYMENT_TARGET = 8.1;
				MTL_ENABLE_DEBUG_INFO = NO;
				SDKROOT = iphoneos;
				VALIDATE_PRODUCT = YES;
			};
			name = Release;
		};
		7A50AAFD1A72DB020089C9B1 /* Debug */ = {
			isa = XCBuildConfiguration;
			buildSettings = {
				ASSETCATALOG_COMPILER_APPICON_NAME = AppIcon;
				INFOPLIST_FILE = Caloquizz/Info.plist;
				LD_RUNPATH_SEARCH_PATHS = "$(inherited) @executable_path/Frameworks";
				PRODUCT_NAME = "$(TARGET_NAME)";
			};
			name = Debug;
		};
		7A50AAFE1A72DB020089C9B1 /* Release */ = {
			isa = XCBuildConfiguration;
			buildSettings = {
				ASSETCATALOG_COMPILER_APPICON_NAME = AppIcon;
				INFOPLIST_FILE = Caloquizz/Info.plist;
				LD_RUNPATH_SEARCH_PATHS = "$(inherited) @executable_path/Frameworks";
				PRODUCT_NAME = "$(TARGET_NAME)";
			};
			name = Release;
		};
		7A50AB001A72DB020089C9B1 /* Debug */ = {
			isa = XCBuildConfiguration;
			buildSettings = {
				BUNDLE_LOADER = "$(TEST_HOST)";
				FRAMEWORK_SEARCH_PATHS = (
					"$(SDKROOT)/Developer/Library/Frameworks",
					"$(inherited)",
				);
				GCC_PREPROCESSOR_DEFINITIONS = (
					"DEBUG=1",
					"$(inherited)",
				);
				INFOPLIST_FILE = CaloquizzTests/Info.plist;
				LD_RUNPATH_SEARCH_PATHS = "$(inherited) @executable_path/Frameworks @loader_path/Frameworks";
				PRODUCT_NAME = "$(TARGET_NAME)";
				TEST_HOST = "$(BUILT_PRODUCTS_DIR)/Caloquizz.app/Caloquizz";
			};
			name = Debug;
		};
		7A50AB011A72DB020089C9B1 /* Release */ = {
			isa = XCBuildConfiguration;
			buildSettings = {
				BUNDLE_LOADER = "$(TEST_HOST)";
				FRAMEWORK_SEARCH_PATHS = (
					"$(SDKROOT)/Developer/Library/Frameworks",
					"$(inherited)",
				);
				INFOPLIST_FILE = CaloquizzTests/Info.plist;
				LD_RUNPATH_SEARCH_PATHS = "$(inherited) @executable_path/Frameworks @loader_path/Frameworks";
				PRODUCT_NAME = "$(TARGET_NAME)";
				TEST_HOST = "$(BUILT_PRODUCTS_DIR)/Caloquizz.app/Caloquizz";
			};
			name = Release;
		};
/* End XCBuildConfiguration section */

/* Begin XCConfigurationList section */
		7A50AAD81A72DB020089C9B1 /* Build configuration list for PBXProject "Caloquizz" */ = {
			isa = XCConfigurationList;
			buildConfigurations = (
				7A50AAFA1A72DB020089C9B1 /* Debug */,
				7A50AAFB1A72DB020089C9B1 /* Release */,
			);
			defaultConfigurationIsVisible = 0;
			defaultConfigurationName = Release;
		};
		7A50AAFC1A72DB020089C9B1 /* Build configuration list for PBXNativeTarget "Caloquizz" */ = {
			isa = XCConfigurationList;
			buildConfigurations = (
				7A50AAFD1A72DB020089C9B1 /* Debug */,
				7A50AAFE1A72DB020089C9B1 /* Release */,
			);
			defaultConfigurationIsVisible = 0;
			defaultConfigurationName = Release;
		};
		7A50AAFF1A72DB020089C9B1 /* Build configuration list for PBXNativeTarget "CaloquizzTests" */ = {
			isa = XCConfigurationList;
			buildConfigurations = (
				7A50AB001A72DB020089C9B1 /* Debug */,
				7A50AB011A72DB020089C9B1 /* Release */,
			);
			defaultConfigurationIsVisible = 0;
			defaultConfigurationName = Release;
		};
/* End XCConfigurationList section */
	};
	rootObject = 7A50AAD51A72DB020089C9B1 /* Project object */;
}
